{
  "version": 4,
  "terraform_version": "1.2.2",
  "serial": 9,
  "lineage": "9bf087e1-d644-5ba7-5c7e-1a5beba39080",
  "outputs": {},
  "resources": [
    {
      "module": "module.springapp",
      "mode": "managed",
      "type": "azurerm_application_insights",
      "name": "sc_app_insights",
      "provider": "module.springapp.provider[\"registry.terraform.io/hashicorp/azurerm\"]",
      "instances": [
        {
          "schema_version": 1,
          "attributes": {
            "app_id": "9cc83ba9-fd86-486e-b5d9-6a5457bcf75e",
            "application_type": "web",
            "connection_string": "InstrumentationKey=0b81ceb9-dedd-49d8-901d-9cccc5b05354;IngestionEndpoint=https://eastus-5.in.applicationinsights.azure.com/;LiveEndpoint=https://eastus.livediagnostics.monitor.azure.com/",
            "daily_data_cap_in_gb": 100,
            "daily_data_cap_notifications_disabled": false,
            "disable_ip_masking": false,
            "force_customer_storage_for_profiler": false,
            "id": "/subscriptions/75e37e8a-d263-4fad-8ccf-515bc3110e7f/resourceGroups/testrg100/providers/Microsoft.Insights/components/appinsight",
            "instrumentation_key": "0b81ceb9-dedd-49d8-901d-9cccc5b05354",
            "internet_ingestion_enabled": true,
            "internet_query_enabled": true,
            "local_authentication_disabled": false,
            "location": "eastus",
            "name": "appinsight",
            "resource_group_name": "testrg100",
            "retention_in_days": 90,
            "sampling_percentage": 100,
            "tags": null,
            "timeouts": null,
            "workspace_id": null
          },
          "sensitive_attributes": [],
          "private": "eyJlMmJmYjczMC1lY2FhLTExZTYtOGY4OC0zNDM2M2JjN2M0YzAiOnsiY3JlYXRlIjozNjAwMDAwMDAwMDAwLCJkZWxldGUiOjE4MDAwMDAwMDAwMDAsInJlYWQiOjMwMDAwMDAwMDAwMCwidXBkYXRlIjoxODAwMDAwMDAwMDAwfSwic2NoZW1hX3ZlcnNpb24iOiIxIn0=",
          "dependencies": [
            "module.springapp.azurerm_resource_group.sa_rg"
          ]
        }
      ]
    },
    {
      "module": "module.springapp",
      "mode": "managed",
      "type": "azurerm_resource_group",
      "name": "sa_rg",
      "provider": "module.springapp.provider[\"registry.terraform.io/hashicorp/azurerm\"]",
      "instances": [
        {
          "schema_version": 0,
          "attributes": {
            "id": "/subscriptions/75e37e8a-d263-4fad-8ccf-515bc3110e7f/resourceGroups/testrg100",
            "location": "eastus",
            "name": "testrg100",
            "tags": null,
            "timeouts": null
          },
          "sensitive_attributes": [],
          "private": "eyJlMmJmYjczMC1lY2FhLTExZTYtOGY4OC0zNDM2M2JjN2M0YzAiOnsiY3JlYXRlIjo1NDAwMDAwMDAwMDAwLCJkZWxldGUiOjU0MDAwMDAwMDAwMDAsInJlYWQiOjMwMDAwMDAwMDAwMCwidXBkYXRlIjo1NDAwMDAwMDAwMDAwfX0="
        }
      ]
    },
    {
      "module": "module.springapp",
      "mode": "managed",
      "type": "azurerm_spring_cloud_service",
      "name": "sc",
      "provider": "module.springapp.provider[\"registry.terraform.io/hashicorp/azurerm\"]",
      "instances": [
        {
          "schema_version": 0,
          "attributes": {
            "build_agent_pool_size": "",
            "config_server_git_setting": [],
            "id": "/subscriptions/75e37e8a-d263-4fad-8ccf-515bc3110e7f/resourceGroups/testrg100/providers/Microsoft.AppPlatform/Spring/azurespringapp",
            "location": "eastus",
            "name": "azurespringapp",
            "network": [],
            "outbound_public_ip_addresses": [
              "20.120.77.37",
              "20.120.77.52"
            ],
            "required_network_traffic_rules": [],
            "resource_group_name": "testrg100",
            "service_registry_enabled": false,
            "service_registry_id": "",
            "sku_name": "S0",
            "tags": null,
            "timeouts": {
              "create": "60m",
              "delete": "2h",
              "read": null,
              "update": null
            },
            "trace": [],
            "zone_redundant": false
          },
          "sensitive_attributes": [],
          "private": "eyJlMmJmYjczMC1lY2FhLTExZTYtOGY4OC0zNDM2M2JjN2M0YzAiOnsiY3JlYXRlIjozNjAwMDAwMDAwMDAwLCJkZWxldGUiOjcyMDAwMDAwMDAwMDAsInJlYWQiOjMwMDAwMDAwMDAwMCwidXBkYXRlIjoxODAwMDAwMDAwMDAwfX0=",
          "dependencies": [
            "module.springapp.azurerm_resource_group.sa_rg"
          ]
        }
      ]
    },
    {
      "module": "module.springapp",
      "mode": "managed",
      "type": "azurerm_storage_account",
      "name": "monitorlog",
      "provider": "module.springapp.provider[\"registry.terraform.io/hashicorp/azurerm\"]",
      "instances": [
        {
          "schema_version": 3,
          "attributes": {
            "access_tier": "Hot",
            "account_kind": "StorageV2",
            "account_replication_type": "ZRS",
            "account_tier": "Standard",
            "allow_nested_items_to_be_public": true,
            "azure_files_authentication": [],
            "blob_properties": [
              {
                "change_feed_enabled": false,
                "container_delete_retention_policy": [],
                "cors_rule": [],
                "default_service_version": "",
                "delete_retention_policy": [],
                "last_access_time_enabled": false,
                "versioning_enabled": false
              }
            ],
            "cross_tenant_replication_enabled": true,
            "custom_domain": [],
            "customer_managed_key": [],
            "edge_zone": "",
            "enable_https_traffic_only": true,
            "id": "/subscriptions/75e37e8a-d263-4fad-8ccf-515bc3110e7f/resourceGroups/testrg100/providers/Microsoft.Storage/storageAccounts/storagemonitorlog100",
            "identity": [],
            "infrastructure_encryption_enabled": false,
            "is_hns_enabled": false,
            "large_file_share_enabled": null,
            "location": "eastus",
            "min_tls_version": "TLS1_2",
            "name": "storagemonitorlog100",
            "network_rules": [
              {
                "bypass": [
                  "AzureServices"
                ],
                "default_action": "Allow",
                "ip_rules": [],
                "private_link_access": [],
                "virtual_network_subnet_ids": []
              }
            ],
            "nfsv3_enabled": false,
            "primary_access_key": "rBUlzHrjQo7NySvOdOanU1dLFtIQH7/g2/uWQevHENYNBm2/Xx6oTxZz15TTI81tRzE699wQZ4OV+AStpk96eQ==",
            "primary_blob_connection_string": "DefaultEndpointsProtocol=https;BlobEndpoint=https://storagemonitorlog100.blob.core.windows.net/;AccountName=storagemonitorlog100;AccountKey=rBUlzHrjQo7NySvOdOanU1dLFtIQH7/g2/uWQevHENYNBm2/Xx6oTxZz15TTI81tRzE699wQZ4OV+AStpk96eQ==",
            "primary_blob_endpoint": "https://storagemonitorlog100.blob.core.windows.net/",
            "primary_blob_host": "storagemonitorlog100.blob.core.windows.net",
            "primary_connection_string": "DefaultEndpointsProtocol=https;AccountName=storagemonitorlog100;AccountKey=rBUlzHrjQo7NySvOdOanU1dLFtIQH7/g2/uWQevHENYNBm2/Xx6oTxZz15TTI81tRzE699wQZ4OV+AStpk96eQ==;EndpointSuffix=core.windows.net",
            "primary_dfs_endpoint": "https://storagemonitorlog100.dfs.core.windows.net/",
            "primary_dfs_host": "storagemonitorlog100.dfs.core.windows.net",
            "primary_file_endpoint": "https://storagemonitorlog100.file.core.windows.net/",
            "primary_file_host": "storagemonitorlog100.file.core.windows.net",
            "primary_location": "eastus",
            "primary_queue_endpoint": "https://storagemonitorlog100.queue.core.windows.net/",
            "primary_queue_host": "storagemonitorlog100.queue.core.windows.net",
            "primary_table_endpoint": "https://storagemonitorlog100.table.core.windows.net/",
            "primary_table_host": "storagemonitorlog100.table.core.windows.net",
            "primary_web_endpoint": "https://storagemonitorlog100.z13.web.core.windows.net/",
            "primary_web_host": "storagemonitorlog100.z13.web.core.windows.net",
            "queue_encryption_key_type": "Service",
            "queue_properties": [
              {
                "cors_rule": [],
                "hour_metrics": [
                  {
                    "enabled": true,
                    "include_apis": true,
                    "retention_policy_days": 7,
                    "version": "1.0"
                  }
                ],
                "logging": [
                  {
                    "delete": false,
                    "read": false,
                    "retention_policy_days": 0,
                    "version": "1.0",
                    "write": false
                  }
                ],
                "minute_metrics": [
                  {
                    "enabled": false,
                    "include_apis": false,
                    "retention_policy_days": 0,
                    "version": "1.0"
                  }
                ]
              }
            ],
            "resource_group_name": "testrg100",
            "routing": [],
            "secondary_access_key": "I+eeKV/jNkVM1IFJJL5iEd2wX0Mpj9XYsZ9lE8t2Tim30IEfmo7PiY2iAtdm0F0YCO5vmRSxanwi+AStUxGxLw==",
            "secondary_blob_connection_string": "",
            "secondary_blob_endpoint": null,
            "secondary_blob_host": null,
            "secondary_connection_string": "DefaultEndpointsProtocol=https;AccountName=storagemonitorlog100;AccountKey=I+eeKV/jNkVM1IFJJL5iEd2wX0Mpj9XYsZ9lE8t2Tim30IEfmo7PiY2iAtdm0F0YCO5vmRSxanwi+AStUxGxLw==;EndpointSuffix=core.windows.net",
            "secondary_dfs_endpoint": null,
            "secondary_dfs_host": null,
            "secondary_file_endpoint": null,
            "secondary_file_host": null,
            "secondary_location": "",
            "secondary_queue_endpoint": null,
            "secondary_queue_host": null,
            "secondary_table_endpoint": null,
            "secondary_table_host": null,
            "secondary_web_endpoint": null,
            "secondary_web_host": null,
            "share_properties": [
              {
                "cors_rule": [],
                "retention_policy": [
                  {
                    "days": 7
                  }
                ],
                "smb": []
              }
            ],
            "shared_access_key_enabled": true,
            "static_website": [],
            "table_encryption_key_type": "Service",
            "tags": null,
            "timeouts": null
          },
          "sensitive_attributes": [],
          "private": "eyJlMmJmYjczMC1lY2FhLTExZTYtOGY4OC0zNDM2M2JjN2M0YzAiOnsiY3JlYXRlIjozNjAwMDAwMDAwMDAwLCJkZWxldGUiOjM2MDAwMDAwMDAwMDAsInJlYWQiOjMwMDAwMDAwMDAwMCwidXBkYXRlIjozNjAwMDAwMDAwMDAwfSwic2NoZW1hX3ZlcnNpb24iOiIzIn0=",
          "dependencies": [
            "module.springapp.azurerm_resource_group.sa_rg"
          ]
        }
      ]
    },
    {
      "module": "module.springapp",
      "mode": "managed",
      "type": "azurerm_subnet",
      "name": "service-runtime-subnet",
      "provider": "module.springapp.provider[\"registry.terraform.io/hashicorp/azurerm\"]",
      "instances": [
        {
          "schema_version": 0,
          "attributes": {
            "address_prefixes": [
              "10.0.1.0/24"
            ],
            "delegation": [],
            "enforce_private_link_endpoint_network_policies": false,
            "enforce_private_link_service_network_policies": false,
            "id": "/subscriptions/75e37e8a-d263-4fad-8ccf-515bc3110e7f/resourceGroups/testrg100/providers/Microsoft.Network/virtualNetworks/spc-vnet/subnets/service-runtime-subnet",
            "name": "service-runtime-subnet",
            "resource_group_name": "testrg100",
            "service_endpoint_policy_ids": null,
            "service_endpoints": null,
            "timeouts": null,
            "virtual_network_name": "spc-vnet"
          },
          "sensitive_attributes": [],
          "private": "eyJlMmJmYjczMC1lY2FhLTExZTYtOGY4OC0zNDM2M2JjN2M0YzAiOnsiY3JlYXRlIjoxODAwMDAwMDAwMDAwLCJkZWxldGUiOjE4MDAwMDAwMDAwMDAsInJlYWQiOjMwMDAwMDAwMDAwMCwidXBkYXRlIjoxODAwMDAwMDAwMDAwfX0=",
          "dependencies": [
            "module.springapp.azurerm_resource_group.sa_rg",
            "module.springapp.azurerm_virtual_network.vnet"
          ]
        }
      ]
    },
    {
      "module": "module.springapp",
      "mode": "managed",
      "type": "azurerm_subnet",
      "name": "spring-apps-subnet",
      "provider": "module.springapp.provider[\"registry.terraform.io/hashicorp/azurerm\"]",
      "instances": [
        {
          "schema_version": 0,
          "attributes": {
            "address_prefixes": [
              "10.0.2.0/24"
            ],
            "delegation": [],
            "enforce_private_link_endpoint_network_policies": false,
            "enforce_private_link_service_network_policies": false,
            "id": "/subscriptions/75e37e8a-d263-4fad-8ccf-515bc3110e7f/resourceGroups/testrg100/providers/Microsoft.Network/virtualNetworks/spc-vnet/subnets/spring-apps-subnet",
            "name": "spring-apps-subnet",
            "resource_group_name": "testrg100",
            "service_endpoint_policy_ids": null,
            "service_endpoints": null,
            "timeouts": null,
            "virtual_network_name": "spc-vnet"
          },
          "sensitive_attributes": [],
          "private": "eyJlMmJmYjczMC1lY2FhLTExZTYtOGY4OC0zNDM2M2JjN2M0YzAiOnsiY3JlYXRlIjoxODAwMDAwMDAwMDAwLCJkZWxldGUiOjE4MDAwMDAwMDAwMDAsInJlYWQiOjMwMDAwMDAwMDAwMCwidXBkYXRlIjoxODAwMDAwMDAwMDAwfX0=",
          "dependencies": [
            "module.springapp.azurerm_resource_group.sa_rg",
            "module.springapp.azurerm_virtual_network.vnet"
          ]
        }
      ]
    },
    {
      "module": "module.springapp",
      "mode": "managed",
      "type": "azurerm_virtual_network",
      "name": "vnet",
      "provider": "module.springapp.provider[\"registry.terraform.io/hashicorp/azurerm\"]",
      "instances": [
        {
          "schema_version": 0,
          "attributes": {
            "address_space": [
              "10.0.0.0/16"
            ],
            "bgp_community": "",
            "ddos_protection_plan": [],
            "dns_servers": [],
            "edge_zone": "",
            "flow_timeout_in_minutes": 0,
            "guid": "ceb27977-e25e-487b-b109-d272c079beeb",
            "id": "/subscriptions/75e37e8a-d263-4fad-8ccf-515bc3110e7f/resourceGroups/testrg100/providers/Microsoft.Network/virtualNetworks/spc-vnet",
            "location": "eastus",
            "name": "spc-vnet",
            "resource_group_name": "testrg100",
            "subnet": [],
            "tags": null,
            "timeouts": null
          },
          "sensitive_attributes": [],
          "private": "eyJlMmJmYjczMC1lY2FhLTExZTYtOGY4OC0zNDM2M2JjN2M0YzAiOnsiY3JlYXRlIjoxODAwMDAwMDAwMDAwLCJkZWxldGUiOjE4MDAwMDAwMDAwMDAsInJlYWQiOjMwMDAwMDAwMDAwMCwidXBkYXRlIjoxODAwMDAwMDAwMDAwfX0=",
          "dependencies": [
            "module.springapp.azurerm_resource_group.sa_rg"
          ]
        }
      ]
    }
  ]
}
