{
  "version": 4,
  "terraform_version": "1.2.2",
  "serial": 11,
  "lineage": "2b04144f-3abe-97b8-9579-652812ce4d18",
  "outputs": {},
  "resources": [
    {
      "mode": "managed",
      "type": "azurerm_application_insights",
      "name": "sc_app_insights",
      "provider": "provider[\"registry.terraform.io/hashicorp/azurerm\"]",
      "instances": [
        {
          "schema_version": 1,
          "attributes": {
            "app_id": "50dadbdd-3fbd-490b-ab00-96ee41c7144b",
            "application_type": "web",
            "connection_string": "InstrumentationKey=1a475529-9e8d-4190-be7f-fc33a5014a01;IngestionEndpoint=https://eastus-5.in.applicationinsights.azure.com/;LiveEndpoint=https://eastus.livediagnostics.monitor.azure.com/",
            "daily_data_cap_in_gb": 100,
            "daily_data_cap_notifications_disabled": false,
            "disable_ip_masking": false,
            "force_customer_storage_for_profiler": false,
            "id": "/subscriptions/75e37e8a-d263-4fad-8ccf-515bc3110e7f/resourceGroups/testrg100/providers/Microsoft.Insights/components/appinsight",
            "instrumentation_key": "1a475529-9e8d-4190-be7f-fc33a5014a01",
            "internet_ingestion_enabled": true,
            "internet_query_enabled": true,
            "local_authentication_disabled": false,
            "location": "eastus",
            "name": "appinsight",
            "resource_group_name": "testrg100",
            "retention_in_days": 90,
            "sampling_percentage": 100,
            "tags": {},
            "timeouts": null,
            "workspace_id": null
          },
          "sensitive_attributes": [],
          "private": "eyJlMmJmYjczMC1lY2FhLTExZTYtOGY4OC0zNDM2M2JjN2M0YzAiOnsiY3JlYXRlIjozNjAwMDAwMDAwMDAwLCJkZWxldGUiOjE4MDAwMDAwMDAwMDAsInJlYWQiOjMwMDAwMDAwMDAwMCwidXBkYXRlIjoxODAwMDAwMDAwMDAwfSwic2NoZW1hX3ZlcnNpb24iOiIxIn0=",
          "dependencies": [
            "azurerm_resource_group.sa_rg"
          ]
        }
      ]
    },
    {
      "mode": "managed",
      "type": "azurerm_monitor_diagnostic_setting",
      "name": "sc_diag",
      "provider": "provider[\"registry.terraform.io/hashicorp/azurerm\"]",
      "instances": [
        {
          "schema_version": 0,
          "attributes": {
            "eventhub_authorization_rule_id": "",
            "eventhub_name": "",
            "id": "/subscriptions/75e37e8a-d263-4fad-8ccf-515bc3110e7f/resourceGroups/testrg100/providers/Microsoft.AppPlatform/Spring/azurespringapp|diagnosticmonitor",
            "log": [
              {
                "category": "ApplicationConsole",
                "enabled": true,
                "retention_policy": [
                  {
                    "days": null,
                    "enabled": false
                  }
                ]
              }
            ],
            "log_analytics_destination_type": "",
            "log_analytics_workspace_id": "",
            "metric": [
              {
                "category": "AllMetrics",
                "enabled": true,
                "retention_policy": [
                  {
                    "days": null,
                    "enabled": false
                  }
                ]
              }
            ],
            "name": "diagnosticmonitor",
            "storage_account_id": "/subscriptions/75e37e8a-d263-4fad-8ccf-515bc3110e7f/resourceGroups/testrg100/providers/Microsoft.Storage/storageAccounts/storagemonitorlog100",
            "target_resource_id": "/subscriptions/75e37e8a-d263-4fad-8ccf-515bc3110e7f/resourceGroups/testrg100/providers/Microsoft.AppPlatform/Spring/azurespringapp",
            "timeouts": null
          },
          "sensitive_attributes": [],
          "private": "eyJlMmJmYjczMC1lY2FhLTExZTYtOGY4OC0zNDM2M2JjN2M0YzAiOnsiY3JlYXRlIjoxODAwMDAwMDAwMDAwLCJkZWxldGUiOjM2MDAwMDAwMDAwMDAsInJlYWQiOjMwMDAwMDAwMDAwMCwidXBkYXRlIjoxODAwMDAwMDAwMDAwfX0=",
          "dependencies": [
            "azurerm_resource_group.sa_rg",
            "azurerm_spring_cloud_service.sc",
            "azurerm_storage_account.monitorlog"
          ]
        }
      ]
    },
    {
      "mode": "managed",
      "type": "azurerm_resource_group",
      "name": "sa_rg",
      "provider": "provider[\"registry.terraform.io/hashicorp/azurerm\"]",
      "instances": [
        {
          "schema_version": 0,
          "attributes": {
            "id": "/subscriptions/75e37e8a-d263-4fad-8ccf-515bc3110e7f/resourceGroups/testrg100",
            "location": "eastus",
            "name": "testrg100",
            "tags": {},
            "timeouts": null
          },
          "sensitive_attributes": [],
          "private": "eyJlMmJmYjczMC1lY2FhLTExZTYtOGY4OC0zNDM2M2JjN2M0YzAiOnsiY3JlYXRlIjo1NDAwMDAwMDAwMDAwLCJkZWxldGUiOjU0MDAwMDAwMDAwMDAsInJlYWQiOjMwMDAwMDAwMDAwMCwidXBkYXRlIjo1NDAwMDAwMDAwMDAwfX0="
        }
      ]
    },
    {
      "mode": "managed",
      "type": "azurerm_spring_cloud_service",
      "name": "sc",
      "provider": "provider[\"registry.terraform.io/hashicorp/azurerm\"]",
      "instances": [
        {
          "schema_version": 0,
          "attributes": {
            "build_agent_pool_size": "",
            "config_server_git_setting": [],
            "id": "/subscriptions/75e37e8a-d263-4fad-8ccf-515bc3110e7f/resourceGroups/testrg100/providers/Microsoft.AppPlatform/Spring/azurespringapp",
            "location": "eastus",
            "name": "azurespringapp",
            "network": [],
            "outbound_public_ip_addresses": [
              "20.83.143.177",
              "20.120.64.2"
            ],
            "required_network_traffic_rules": [],
            "resource_group_name": "testrg100",
            "service_registry_enabled": false,
            "service_registry_id": "",
            "sku_name": "S0",
            "tags": {},
            "timeouts": {
              "create": "60m",
              "delete": "2h",
              "read": null,
              "update": null
            },
            "trace": [],
            "zone_redundant": false
          },
          "sensitive_attributes": [],
          "private": "eyJlMmJmYjczMC1lY2FhLTExZTYtOGY4OC0zNDM2M2JjN2M0YzAiOnsiY3JlYXRlIjozNjAwMDAwMDAwMDAwLCJkZWxldGUiOjcyMDAwMDAwMDAwMDAsInJlYWQiOjMwMDAwMDAwMDAwMCwidXBkYXRlIjoxODAwMDAwMDAwMDAwfX0=",
          "dependencies": [
            "azurerm_resource_group.sa_rg"
          ]
        }
      ]
    },
    {
      "mode": "managed",
      "type": "azurerm_storage_account",
      "name": "monitorlog",
      "provider": "provider[\"registry.terraform.io/hashicorp/azurerm\"]",
      "instances": [
        {
          "schema_version": 3,
          "attributes": {
            "access_tier": "Hot",
            "account_kind": "StorageV2",
            "account_replication_type": "ZRS",
            "account_tier": "Standard",
            "allow_nested_items_to_be_public": true,
            "azure_files_authentication": [],
            "blob_properties": [
              {
                "change_feed_enabled": false,
                "container_delete_retention_policy": [],
                "cors_rule": [],
                "default_service_version": "",
                "delete_retention_policy": [],
                "last_access_time_enabled": false,
                "versioning_enabled": false
              }
            ],
            "cross_tenant_replication_enabled": true,
            "custom_domain": [],
            "customer_managed_key": [],
            "edge_zone": "",
            "enable_https_traffic_only": true,
            "id": "/subscriptions/75e37e8a-d263-4fad-8ccf-515bc3110e7f/resourceGroups/testrg100/providers/Microsoft.Storage/storageAccounts/storagemonitorlog100",
            "identity": [],
            "infrastructure_encryption_enabled": false,
            "is_hns_enabled": false,
            "large_file_share_enabled": null,
            "location": "eastus",
            "min_tls_version": "TLS1_2",
            "name": "storagemonitorlog100",
            "network_rules": [
              {
                "bypass": [
                  "AzureServices"
                ],
                "default_action": "Allow",
                "ip_rules": [],
                "private_link_access": [],
                "virtual_network_subnet_ids": []
              }
            ],
            "nfsv3_enabled": false,
            "primary_access_key": "w6UI9IvViSO1WXqPNUJDRX9T66UMtGPQQtvbqTRm/Dafv9vQL7bbrjS7jGgFNWptF0fRsQYdAwq0+ASt93yUwA==",
            "primary_blob_connection_string": "DefaultEndpointsProtocol=https;BlobEndpoint=https://storagemonitorlog100.blob.core.windows.net/;AccountName=storagemonitorlog100;AccountKey=w6UI9IvViSO1WXqPNUJDRX9T66UMtGPQQtvbqTRm/Dafv9vQL7bbrjS7jGgFNWptF0fRsQYdAwq0+ASt93yUwA==",
            "primary_blob_endpoint": "https://storagemonitorlog100.blob.core.windows.net/",
            "primary_blob_host": "storagemonitorlog100.blob.core.windows.net",
            "primary_connection_string": "DefaultEndpointsProtocol=https;AccountName=storagemonitorlog100;AccountKey=w6UI9IvViSO1WXqPNUJDRX9T66UMtGPQQtvbqTRm/Dafv9vQL7bbrjS7jGgFNWptF0fRsQYdAwq0+ASt93yUwA==;EndpointSuffix=core.windows.net",
            "primary_dfs_endpoint": "https://storagemonitorlog100.dfs.core.windows.net/",
            "primary_dfs_host": "storagemonitorlog100.dfs.core.windows.net",
            "primary_file_endpoint": "https://storagemonitorlog100.file.core.windows.net/",
            "primary_file_host": "storagemonitorlog100.file.core.windows.net",
            "primary_location": "eastus",
            "primary_queue_endpoint": "https://storagemonitorlog100.queue.core.windows.net/",
            "primary_queue_host": "storagemonitorlog100.queue.core.windows.net",
            "primary_table_endpoint": "https://storagemonitorlog100.table.core.windows.net/",
            "primary_table_host": "storagemonitorlog100.table.core.windows.net",
            "primary_web_endpoint": "https://storagemonitorlog100.z13.web.core.windows.net/",
            "primary_web_host": "storagemonitorlog100.z13.web.core.windows.net",
            "queue_encryption_key_type": "Service",
            "queue_properties": [
              {
                "cors_rule": [],
                "hour_metrics": [
                  {
                    "enabled": true,
                    "include_apis": true,
                    "retention_policy_days": 7,
                    "version": "1.0"
                  }
                ],
                "logging": [
                  {
                    "delete": false,
                    "read": false,
                    "retention_policy_days": 0,
                    "version": "1.0",
                    "write": false
                  }
                ],
                "minute_metrics": [
                  {
                    "enabled": false,
                    "include_apis": false,
                    "retention_policy_days": 0,
                    "version": "1.0"
                  }
                ]
              }
            ],
            "resource_group_name": "testrg100",
            "routing": [],
            "secondary_access_key": "Q0XtkaVrDCKh4PSfu1K+UZ7FGFZpTSF4yOpxNHbg5HAP2mXK4E0+N7eFJkL5CoqrJZ0vx1XchhIZ+ASthZ3JNA==",
            "secondary_blob_connection_string": "",
            "secondary_blob_endpoint": null,
            "secondary_blob_host": null,
            "secondary_connection_string": "DefaultEndpointsProtocol=https;AccountName=storagemonitorlog100;AccountKey=Q0XtkaVrDCKh4PSfu1K+UZ7FGFZpTSF4yOpxNHbg5HAP2mXK4E0+N7eFJkL5CoqrJZ0vx1XchhIZ+ASthZ3JNA==;EndpointSuffix=core.windows.net",
            "secondary_dfs_endpoint": null,
            "secondary_dfs_host": null,
            "secondary_file_endpoint": null,
            "secondary_file_host": null,
            "secondary_location": "",
            "secondary_queue_endpoint": null,
            "secondary_queue_host": null,
            "secondary_table_endpoint": null,
            "secondary_table_host": null,
            "secondary_web_endpoint": null,
            "secondary_web_host": null,
            "share_properties": [
              {
                "cors_rule": [],
                "retention_policy": [
                  {
                    "days": 7
                  }
                ],
                "smb": []
              }
            ],
            "shared_access_key_enabled": true,
            "static_website": [],
            "table_encryption_key_type": "Service",
            "tags": null,
            "timeouts": null
          },
          "sensitive_attributes": [],
          "private": "eyJlMmJmYjczMC1lY2FhLTExZTYtOGY4OC0zNDM2M2JjN2M0YzAiOnsiY3JlYXRlIjozNjAwMDAwMDAwMDAwLCJkZWxldGUiOjM2MDAwMDAwMDAwMDAsInJlYWQiOjMwMDAwMDAwMDAwMCwidXBkYXRlIjozNjAwMDAwMDAwMDAwfSwic2NoZW1hX3ZlcnNpb24iOiIzIn0=",
          "dependencies": [
            "azurerm_resource_group.sa_rg"
          ]
        }
      ]
    },
    {
      "mode": "managed",
      "type": "azurerm_subnet",
      "name": "service-runtime-subnet",
      "provider": "provider[\"registry.terraform.io/hashicorp/azurerm\"]",
      "instances": [
        {
          "schema_version": 0,
          "attributes": {
            "address_prefixes": [
              "10.0.1.0/24"
            ],
            "delegation": [],
            "enforce_private_link_endpoint_network_policies": false,
            "enforce_private_link_service_network_policies": false,
            "id": "/subscriptions/75e37e8a-d263-4fad-8ccf-515bc3110e7f/resourceGroups/testrg100/providers/Microsoft.Network/virtualNetworks/vnettest/subnets/service-runtime-subnet",
            "name": "service-runtime-subnet",
            "resource_group_name": "testrg100",
            "service_endpoint_policy_ids": [],
            "service_endpoints": [],
            "timeouts": null,
            "virtual_network_name": "vnettest"
          },
          "sensitive_attributes": [],
          "private": "eyJlMmJmYjczMC1lY2FhLTExZTYtOGY4OC0zNDM2M2JjN2M0YzAiOnsiY3JlYXRlIjoxODAwMDAwMDAwMDAwLCJkZWxldGUiOjE4MDAwMDAwMDAwMDAsInJlYWQiOjMwMDAwMDAwMDAwMCwidXBkYXRlIjoxODAwMDAwMDAwMDAwfX0=",
          "dependencies": [
            "azurerm_resource_group.sa_rg",
            "azurerm_virtual_network.vnet"
          ]
        }
      ]
    },
    {
      "mode": "managed",
      "type": "azurerm_subnet",
      "name": "spring-apps-subnet",
      "provider": "provider[\"registry.terraform.io/hashicorp/azurerm\"]",
      "instances": [
        {
          "schema_version": 0,
          "attributes": {
            "address_prefixes": [
              "10.0.2.0/24"
            ],
            "delegation": [],
            "enforce_private_link_endpoint_network_policies": false,
            "enforce_private_link_service_network_policies": false,
            "id": "/subscriptions/75e37e8a-d263-4fad-8ccf-515bc3110e7f/resourceGroups/testrg100/providers/Microsoft.Network/virtualNetworks/vnettest/subnets/spring-apps-subnet",
            "name": "spring-apps-subnet",
            "resource_group_name": "testrg100",
            "service_endpoint_policy_ids": [],
            "service_endpoints": [],
            "timeouts": null,
            "virtual_network_name": "vnettest"
          },
          "sensitive_attributes": [],
          "private": "eyJlMmJmYjczMC1lY2FhLTExZTYtOGY4OC0zNDM2M2JjN2M0YzAiOnsiY3JlYXRlIjoxODAwMDAwMDAwMDAwLCJkZWxldGUiOjE4MDAwMDAwMDAwMDAsInJlYWQiOjMwMDAwMDAwMDAwMCwidXBkYXRlIjoxODAwMDAwMDAwMDAwfX0=",
          "dependencies": [
            "azurerm_resource_group.sa_rg",
            "azurerm_virtual_network.vnet"
          ]
        }
      ]
    },
    {
      "mode": "managed",
      "type": "azurerm_virtual_network",
      "name": "vnet",
      "provider": "provider[\"registry.terraform.io/hashicorp/azurerm\"]",
      "instances": [
        {
          "schema_version": 0,
          "attributes": {
            "address_space": [
              "10.0.0.0/16"
            ],
            "bgp_community": "",
            "ddos_protection_plan": [],
            "dns_servers": [],
            "edge_zone": "",
            "flow_timeout_in_minutes": 0,
            "guid": "ef195289-6345-4458-92a0-f6adb3a83d4e",
            "id": "/subscriptions/75e37e8a-d263-4fad-8ccf-515bc3110e7f/resourceGroups/testrg100/providers/Microsoft.Network/virtualNetworks/vnettest",
            "location": "eastus",
            "name": "vnettest",
            "resource_group_name": "testrg100",
            "subnet": [
              {
                "address_prefix": "10.0.1.0/24",
                "id": "/subscriptions/75e37e8a-d263-4fad-8ccf-515bc3110e7f/resourceGroups/testrg100/providers/Microsoft.Network/virtualNetworks/vnettest/subnets/service-runtime-subnet",
                "name": "service-runtime-subnet",
                "security_group": ""
              },
              {
                "address_prefix": "10.0.2.0/24",
                "id": "/subscriptions/75e37e8a-d263-4fad-8ccf-515bc3110e7f/resourceGroups/testrg100/providers/Microsoft.Network/virtualNetworks/vnettest/subnets/spring-apps-subnet",
                "name": "spring-apps-subnet",
                "security_group": ""
              }
            ],
            "tags": {},
            "timeouts": null
          },
          "sensitive_attributes": [],
          "private": "eyJlMmJmYjczMC1lY2FhLTExZTYtOGY4OC0zNDM2M2JjN2M0YzAiOnsiY3JlYXRlIjoxODAwMDAwMDAwMDAwLCJkZWxldGUiOjE4MDAwMDAwMDAwMDAsInJlYWQiOjMwMDAwMDAwMDAwMCwidXBkYXRlIjoxODAwMDAwMDAwMDAwfX0=",
          "dependencies": [
            "azurerm_resource_group.sa_rg"
          ]
        }
      ]
    }
  ]
}
